
Microsoft Visual Studio Solution File, Format Version 12.00
# Visual Studio Version 16
VisualStudioVersion = 16.0.31424.327
MinimumVisualStudioVersion = 10.0.40219.1
Project("{FAE04EC0-301F-11D3-BF4B-00C04F79EFBC}") = "Proyecto_BD_Omar_Mario", "Proyecto_BD_Omar_Mario.csproj", "{43BC7251-A98F-4CC4-82CF-BB195AAB03BE}"
EndProject
Global
	GlobalSection(SolutionConfigurationPlatforms) = preSolution
		Debug|Any CPU = Debug|Any CPU
		Release|Any CPU = Release|Any CPU
	EndGlobalSection
	GlobalSection(ProjectConfigurationPlatforms) = postSolution
		{43BC7251-A98F-4CC4-82CF-BB195AAB03BE}.Debug|Any CPU.ActiveCfg = Debug|Any CPU
		{43BC7251-A98F-4CC4-82CF-BB195AAB03BE}.Debug|Any CPU.Build.0 = Debug|Any CPU
		{43BC7251-A98F-4CC4-82CF-BB195AAB03BE}.Release|Any CPU.ActiveCfg = Release|Any CPU
		{43BC7251-A98F-4CC4-82CF-BB195AAB03BE}.Release|Any CPU.Build.0 = Release|Any CPU
	EndGlobalSection
	GlobalSection(SolutionProperties) = preSolution
		HideSolutionNode = FALSE
	EndGlobalSection
	GlobalSection(ExtensibilityGlobals) = postSolution
		SolutionGuid = {C2924591-B5D6-46EA-A5A0-EDAD6F53565B}
	EndGlobalSection
EndGlobal
